
Microsoft Visual Studio Solution File, Format Version 12.00
# Visual Studio 14
VisualStudioVersion = 14.0.23107.0
MinimumVisualStudioVersion = 10.0.40219.1
Project("{FAE04EC0-301F-11D3-BF4B-00C04F79EFBC}") = "DDOOCP_Assignment_Summer_2019_00178090", "DDOOCP_Assignment_Summer_2019_00178090\DDOOCP_Assignment_Summer_2019_00178090.csproj", "{F35CE5D6-940D-40D6-8D74-8DDA3DA0AD4C}"
EndProject
Project("{FAE04EC0-301F-11D3-BF4B-00C04F79EFBC}") = "WhiteBoxTesting", "WhiteBoxTesting\WhiteBoxTesting.csproj", "{2963504E-4C62-49C0-8654-F5E7D4F2A32C}"
EndProject
Global
	GlobalSection(SolutionConfigurationPlatforms) = preSolution
		Debug|Any CPU = Debug|Any CPU
		Release|Any CPU = Release|Any CPU
	EndGlobalSection
	GlobalSection(ProjectConfigurationPlatforms) = postSolution
		{F35CE5D6-940D-40D6-8D74-8DDA3DA0AD4C}.Debug|Any CPU.ActiveCfg = Debug|Any CPU
		{F35CE5D6-940D-40D6-8D74-8DDA3DA0AD4C}.Debug|Any CPU.Build.0 = Debug|Any CPU
		{F35CE5D6-940D-40D6-8D74-8DDA3DA0AD4C}.Release|Any CPU.ActiveCfg = Release|Any CPU
		{F35CE5D6-940D-40D6-8D74-8DDA3DA0AD4C}.Release|Any CPU.Build.0 = Release|Any CPU
		{2963504E-4C62-49C0-8654-F5E7D4F2A32C}.Debug|Any CPU.ActiveCfg = Debug|Any CPU
		{2963504E-4C62-49C0-8654-F5E7D4F2A32C}.Debug|Any CPU.Build.0 = Debug|Any CPU
		{2963504E-4C62-49C0-8654-F5E7D4F2A32C}.Release|Any CPU.ActiveCfg = Release|Any CPU
		{2963504E-4C62-49C0-8654-F5E7D4F2A32C}.Release|Any CPU.Build.0 = Release|Any CPU
	EndGlobalSection
	GlobalSection(SolutionProperties) = preSolution
		HideSolutionNode = FALSE
	EndGlobalSection
EndGlobal
